
Microsoft Visual Studio Solution File, Format Version 12.00
# Visual Studio Version 17
VisualStudioVersion = 17.7.34018.315
MinimumVisualStudioVersion = 10.0.40219.1
Project("{F184B08F-C81C-45F6-A57F-5ABD9991F28F}") = "SMSSPR0.2", "SMSSPR0.2\SMSSPR0.2.vbproj", "{AACA4056-9A83-43D6-AD06-1F99520A97DE}"
EndProject
Global
	GlobalSection(SolutionConfigurationPlatforms) = preSolution
		Debug|Any CPU = Debug|Any CPU
		Release|Any CPU = Release|Any CPU
	EndGlobalSection
	GlobalSection(ProjectConfigurationPlatforms) = postSolution
		{AACA4056-9A83-43D6-AD06-1F99520A97DE}.Debug|Any CPU.ActiveCfg = Debug|Any CPU
		{AACA4056-9A83-43D6-AD06-1F99520A97DE}.Debug|Any CPU.Build.0 = Debug|Any CPU
		{AACA4056-9A83-43D6-AD06-1F99520A97DE}.Release|Any CPU.ActiveCfg = Release|Any CPU
		{AACA4056-9A83-43D6-AD06-1F99520A97DE}.Release|Any CPU.Build.0 = Release|Any CPU
	EndGlobalSection
	GlobalSection(SolutionProperties) = preSolution
		HideSolutionNode = FALSE
	EndGlobalSection
	GlobalSection(ExtensibilityGlobals) = postSolution
		SolutionGuid = {50946987-D38A-4FBB-BFFF-2C3EA5199204}
	EndGlobalSection
EndGlobal
